
Microsoft Visual Studio Solution File, Format Version 12.00
# Visual Studio Version 16
VisualStudioVersion = 16.6.30114.105
MinimumVisualStudioVersion = 10.0.40219.1
Project("{FAE04EC0-301F-11D3-BF4B-00C04F79EFBC}") = "GameTop", "GameTop\GameTop.csproj", "{CF13FB51-8FD5-4386-B58C-FB94AF9DE1F3}"
EndProject
Project("{FAE04EC0-301F-11D3-BF4B-00C04F79EFBC}") = "GameTop.Lib", "GameTop.Lib\GameTop.Lib.csproj", "{AF3C9EF5-00E6-48F7-BCFC-ABEF862D94CA}"
EndProject
Project("{FAE04EC0-301F-11D3-BF4B-00C04F79EFBC}") = "GameTop.Interface", "GameTop.Interface\GameTop.Interface.csproj", "{C6579638-A14B-474E-99BB-01E7764F1BA6}"
EndProject
Global
	GlobalSection(SolutionConfigurationPlatforms) = preSolution
		Debug|Any CPU = Debug|Any CPU
		Debug|x64 = Debug|x64
		Debug|x86 = Debug|x86
		Release|Any CPU = Release|Any CPU
		Release|x64 = Release|x64
		Release|x86 = Release|x86
	EndGlobalSection
	GlobalSection(SolutionProperties) = preSolution
		HideSolutionNode = FALSE
	EndGlobalSection
	GlobalSection(ProjectConfigurationPlatforms) = postSolution
		{CF13FB51-8FD5-4386-B58C-FB94AF9DE1F3}.Debug|Any CPU.ActiveCfg = Debug|Any CPU
		{CF13FB51-8FD5-4386-B58C-FB94AF9DE1F3}.Debug|Any CPU.Build.0 = Debug|Any CPU
		{CF13FB51-8FD5-4386-B58C-FB94AF9DE1F3}.Debug|x64.ActiveCfg = Debug|Any CPU
		{CF13FB51-8FD5-4386-B58C-FB94AF9DE1F3}.Debug|x64.Build.0 = Debug|Any CPU
		{CF13FB51-8FD5-4386-B58C-FB94AF9DE1F3}.Debug|x86.ActiveCfg = Debug|Any CPU
		{CF13FB51-8FD5-4386-B58C-FB94AF9DE1F3}.Debug|x86.Build.0 = Debug|Any CPU
		{CF13FB51-8FD5-4386-B58C-FB94AF9DE1F3}.Release|Any CPU.ActiveCfg = Release|Any CPU
		{CF13FB51-8FD5-4386-B58C-FB94AF9DE1F3}.Release|Any CPU.Build.0 = Release|Any CPU
		{CF13FB51-8FD5-4386-B58C-FB94AF9DE1F3}.Release|x64.ActiveCfg = Release|Any CPU
		{CF13FB51-8FD5-4386-B58C-FB94AF9DE1F3}.Release|x64.Build.0 = Release|Any CPU
		{CF13FB51-8FD5-4386-B58C-FB94AF9DE1F3}.Release|x86.ActiveCfg = Release|Any CPU
		{CF13FB51-8FD5-4386-B58C-FB94AF9DE1F3}.Release|x86.Build.0 = Release|Any CPU
		{AF3C9EF5-00E6-48F7-BCFC-ABEF862D94CA}.Debug|Any CPU.ActiveCfg = Debug|Any CPU
		{AF3C9EF5-00E6-48F7-BCFC-ABEF862D94CA}.Debug|Any CPU.Build.0 = Debug|Any CPU
		{AF3C9EF5-00E6-48F7-BCFC-ABEF862D94CA}.Debug|x64.ActiveCfg = Debug|Any CPU
		{AF3C9EF5-00E6-48F7-BCFC-ABEF862D94CA}.Debug|x64.Build.0 = Debug|Any CPU
		{AF3C9EF5-00E6-48F7-BCFC-ABEF862D94CA}.Debug|x86.ActiveCfg = Debug|Any CPU
		{AF3C9EF5-00E6-48F7-BCFC-ABEF862D94CA}.Debug|x86.Build.0 = Debug|Any CPU
		{AF3C9EF5-00E6-48F7-BCFC-ABEF862D94CA}.Release|Any CPU.ActiveCfg = Release|Any CPU
		{AF3C9EF5-00E6-48F7-BCFC-ABEF862D94CA}.Release|Any CPU.Build.0 = Release|Any CPU
		{AF3C9EF5-00E6-48F7-BCFC-ABEF862D94CA}.Release|x64.ActiveCfg = Release|Any CPU
		{AF3C9EF5-00E6-48F7-BCFC-ABEF862D94CA}.Release|x64.Build.0 = Release|Any CPU
		{AF3C9EF5-00E6-48F7-BCFC-ABEF862D94CA}.Release|x86.ActiveCfg = Release|Any CPU
		{AF3C9EF5-00E6-48F7-BCFC-ABEF862D94CA}.Release|x86.Build.0 = Release|Any CPU
		{C6579638-A14B-474E-99BB-01E7764F1BA6}.Debug|Any CPU.ActiveCfg = Debug|Any CPU
		{C6579638-A14B-474E-99BB-01E7764F1BA6}.Debug|Any CPU.Build.0 = Debug|Any CPU
		{C6579638-A14B-474E-99BB-01E7764F1BA6}.Debug|x64.ActiveCfg = Debug|Any CPU
		{C6579638-A14B-474E-99BB-01E7764F1BA6}.Debug|x64.Build.0 = Debug|Any CPU
		{C6579638-A14B-474E-99BB-01E7764F1BA6}.Debug|x86.ActiveCfg = Debug|Any CPU
		{C6579638-A14B-474E-99BB-01E7764F1BA6}.Debug|x86.Build.0 = Debug|Any CPU
		{C6579638-A14B-474E-99BB-01E7764F1BA6}.Release|Any CPU.ActiveCfg = Release|Any CPU
		{C6579638-A14B-474E-99BB-01E7764F1BA6}.Release|Any CPU.Build.0 = Release|Any CPU
		{C6579638-A14B-474E-99BB-01E7764F1BA6}.Release|x64.ActiveCfg = Release|Any CPU
		{C6579638-A14B-474E-99BB-01E7764F1BA6}.Release|x64.Build.0 = Release|Any CPU
		{C6579638-A14B-474E-99BB-01E7764F1BA6}.Release|x86.ActiveCfg = Release|Any CPU
		{C6579638-A14B-474E-99BB-01E7764F1BA6}.Release|x86.Build.0 = Release|Any CPU
	EndGlobalSection
EndGlobal
